// !$*UTF8*$!
{
	archiveVersion = 1;
	classes = {
	};
	objectVersion = 56;
	objects = {

/* Begin PBXBuildFile section */
		C64921C12BC59379001C6C6D /* AISIApp.swift in Sources */ = {isa = PBXBuildFile; fileRef = C64921C02BC59379001C6C6D /* AISIApp.swift */; };
		C64921C32BC59379001C6C6D /* ContentView.swift in Sources */ = {isa = PBXBuildFile; fileRef = C64921C22BC59379001C6C6D /* ContentView.swift */; };
		C64921C52BC5937B001C6C6D /* Assets.xcassets in Resources */ = {isa = PBXBuildFile; fileRef = C64921C42BC5937B001C6C6D /* Assets.xcassets */; };
		C64921C82BC5937B001C6C6D /* Preview Assets.xcassets in Resources */ = {isa = PBXBuildFile; fileRef = C64921C72BC5937B001C6C6D /* Preview Assets.xcassets */; };
		C64921D82BC9B59A001C6C6D /* Model&API.swift in Sources */ = {isa = PBXBuildFile; fileRef = C64921D72BC9B59A001C6C6D /* Model&API.swift */; };
		C64921DA2BC9B5E6001C6C6D /* AddProductView.swift in Sources */ = {isa = PBXBuildFile; fileRef = C64921D92BC9B5E6001C6C6D /* AddProductView.swift */; };
		C64921DC2BC9B8F5001C6C6D /* ProductDetailView.swift in Sources */ = {isa = PBXBuildFile; fileRef = C64921DB2BC9B8F5001C6C6D /* ProductDetailView.swift */; };
		C64921DE2BC9B916001C6C6D /* EditProductView.swift in Sources */ = {isa = PBXBuildFile; fileRef = C64921DD2BC9B916001C6C6D /* EditProductView.swift */; };
		C64921E02BC9C047001C6C6D /* ProductViewModel.swift in Sources */ = {isa = PBXBuildFile; fileRef = C64921DF2BC9C047001C6C6D /* ProductViewModel.swift */; };
		C64921E22BC9C391001C6C6D /* ProductRowView.swift in Sources */ = {isa = PBXBuildFile; fileRef = C64921E12BC9C391001C6C6D /* ProductRowView.swift */; };
/* End PBXBuildFile section */

/* Begin PBXFileReference section */
		C64921BD2BC59379001C6C6D /* AISI.app */ = {isa = PBXFileReference; explicitFileType = wrapper.application; includeInIndex = 0; path = AISI.app; sourceTree = BUILT_PRODUCTS_DIR; };
		C64921C02BC59379001C6C6D /* AISIApp.swift */ = {isa = PBXFileReference; lastKnownFileType = sourcecode.swift; path = AISIApp.swift; sourceTree = "<group>"; };
		C64921C22BC59379001C6C6D /* ContentView.swift */ = {isa = PBXFileReference; lastKnownFileType = sourcecode.swift; path = ContentView.swift; sourceTree = "<group>"; };
		C64921C42BC5937B001C6C6D /* Assets.xcassets */ = {isa = PBXFileReference; lastKnownFileType = folder.assetcatalog; path = Assets.xcassets; sourceTree = "<group>"; };
		C64921C72BC5937B001C6C6D /* Preview Assets.xcassets */ = {isa = PBXFileReference; lastKnownFileType = folder.assetcatalog; path = "Preview Assets.xcassets"; sourceTree = "<group>"; };
		C64921C92BC5937B001C6C6D /* AISI.entitlements */ = {isa = PBXFileReference; lastKnownFileType = text.plist.entitlements; path = AISI.entitlements; sourceTree = "<group>"; };
		C64921D72BC9B59A001C6C6D /* Model&API.swift */ = {isa = PBXFileReference; lastKnownFileType = sourcecode.swift; path = "Model&API.swift"; sourceTree = "<group>"; };
		C64921D92BC9B5E6001C6C6D /* AddProductView.swift */ = {isa = PBXFileReference; lastKnownFileType = sourcecode.swift; path = AddProductView.swift; sourceTree = "<group>"; };
		C64921DB2BC9B8F5001C6C6D /* ProductDetailView.swift */ = {isa = PBXFileReference; lastKnownFileType = sourcecode.swift; path = ProductDetailView.swift; sourceTree = "<group>"; };
		C64921DD2BC9B916001C6C6D /* EditProductView.swift */ = {isa = PBXFileReference; lastKnownFileType = sourcecode.swift; path = EditProductView.swift; sourceTree = "<group>"; };
		C64921DF2BC9C047001C6C6D /* ProductViewModel.swift */ = {isa = PBXFileReference; lastKnownFileType = sourcecode.swift; path = ProductViewModel.swift; sourceTree = "<group>"; };
		C64921E12BC9C391001C6C6D /* ProductRowView.swift */ = {isa = PBXFileReference; lastKnownFileType = sourcecode.swift; path = ProductRowView.swift; sourceTree = "<group>"; };
/* End PBXFileReference section */

/* Begin PBXFrameworksBuildPhase section */
		C64921BA2BC59379001C6C6D /* Frameworks */ = {
			isa = PBXFrameworksBuildPhase;
			buildActionMask = 2147483647;
			files = (
			);
			runOnlyForDeploymentPostprocessing = 0;
		};
/* End PBXFrameworksBuildPhase section */

/* Begin PBXGroup section */
		C64921B42BC59379001C6C6D = {
			isa = PBXGroup;
			children = (
				C64921BF2BC59379001C6C6D /* AISI */,
				C64921BE2BC59379001C6C6D /* Products */,
			);
			sourceTree = "<group>";
		};
		C64921BE2BC59379001C6C6D /* Products */ = {
			isa = PBXGroup;
			children = (
				C64921BD2BC59379001C6C6D /* AISI.app */,
			);
			name = Products;
			sourceTree = "<group>";
		};
		C64921BF2BC59379001C6C6D /* AISI */ = {
			isa = PBXGroup;
			children = (
				C64921C02BC59379001C6C6D /* AISIApp.swift */,
				C64921C22BC59379001C6C6D /* ContentView.swift */,
				C64921D72BC9B59A001C6C6D /* Model&API.swift */,
				C64921D92BC9B5E6001C6C6D /* AddProductView.swift */,
				C64921DB2BC9B8F5001C6C6D /* ProductDetailView.swift */,
				C64921DD2BC9B916001C6C6D /* EditProductView.swift */,
				C64921DF2BC9C047001C6C6D /* ProductViewModel.swift */,
				C64921E12BC9C391001C6C6D /* ProductRowView.swift */,
				C64921C42BC5937B001C6C6D /* Assets.xcassets */,
				C64921C92BC5937B001C6C6D /* AISI.entitlements */,
				C64921C62BC5937B001C6C6D /* Preview Content */,
			);
			path = AISI;
			sourceTree = "<group>";
		};
		C64921C62BC5937B001C6C6D /* Preview Content */ = {
			isa = PBXGroup;
			children = (
				C64921C72BC5937B001C6C6D /* Preview Assets.xcassets */,
			);
			path = "Preview Content";
			sourceTree = "<group>";
		};
/* End PBXGroup section */

/* Begin PBXNativeTarget section */
		C64921BC2BC59379001C6C6D /* AISI */ = {
			isa = PBXNativeTarget;
			buildConfigurationList = C64921CC2BC5937B001C6C6D /* Build configuration list for PBXNativeTarget "AISI" */;
			buildPhases = (
				C64921B92BC59379001C6C6D /* Sources */,
				C64921BA2BC59379001C6C6D /* Frameworks */,
				C64921BB2BC59379001C6C6D /* Resources */,
			);
			buildRules = (
			);
			dependencies = (
			);
			name = AISI;
			productName = AISI;
			productReference = C64921BD2BC59379001C6C6D /* AISI.app */;
			productType = "com.apple.product-type.application";
		};
/* End PBXNativeTarget section */

/* Begin PBXProject section */
		C64921B52BC59379001C6C6D /* Project object */ = {
			isa = PBXProject;
			attributes = {
				BuildIndependentTargetsInParallel = 1;
				LastSwiftUpdateCheck = 1530;
				LastUpgradeCheck = 1530;
				TargetAttributes = {
					C64921BC2BC59379001C6C6D = {
						CreatedOnToolsVersion = 15.3;
					};
				};
			};
			buildConfigurationList = C64921B82BC59379001C6C6D /* Build configuration list for PBXProject "AISI" */;
			compatibilityVersion = "Xcode 14.0";
			developmentRegion = en;
			hasScannedForEncodings = 0;
			knownRegions = (
				en,
				Base,
			);
			mainGroup = C64921B42BC59379001C6C6D;
			productRefGroup = C64921BE2BC59379001C6C6D /* Products */;
			projectDirPath = "";
			projectRoot = "";
			targets = (
				C64921BC2BC59379001C6C6D /* AISI */,
			);
		};
/* End PBXProject section */

/* Begin PBXResourcesBuildPhase section */
		C64921BB2BC59379001C6C6D /* Resources */ = {
			isa = PBXResourcesBuildPhase;
			buildActionMask = 2147483647;
			files = (
				C64921C82BC5937B001C6C6D /* Preview Assets.xcassets in Resources */,
				C64921C52BC5937B001C6C6D /* Assets.xcassets in Resources */,
			);
			runOnlyForDeploymentPostprocessing = 0;
		};
/* End PBXResourcesBuildPhase section */

/* Begin PBXSourcesBuildPhase section */
		C64921B92BC59379001C6C6D /* Sources */ = {
			isa = PBXSourcesBuildPhase;
			buildActionMask = 2147483647;
			files = (
				C64921E02BC9C047001C6C6D /* ProductViewModel.swift in Sources */,
				C64921DE2BC9B916001C6C6D /* EditProductView.swift in Sources */,
				C64921DA2BC9B5E6001C6C6D /* AddProductView.swift in Sources */,
				C64921E22BC9C391001C6C6D /* ProductRowView.swift in Sources */,
				C64921DC2BC9B8F5001C6C6D /* ProductDetailView.swift in Sources */,
				C64921C32BC59379001C6C6D /* ContentView.swift in Sources */,
				C64921C12BC59379001C6C6D /* AISIApp.swift in Sources */,
				C64921D82BC9B59A001C6C6D /* Model&API.swift in Sources */,
			);
			runOnlyForDeploymentPostprocessing = 0;
		};
/* End PBXSourcesBuildPhase section */

/* Begin XCBuildConfiguration section */
		C64921CA2BC5937B001C6C6D /* Debug */ = {
			isa = XCBuildConfiguration;
			buildSettings = {
				ALWAYS_SEARCH_USER_PATHS = NO;
				ASSETCATALOG_COMPILER_GENERATE_SWIFT_ASSET_SYMBOL_EXTENSIONS = YES;
				CLANG_ANALYZER_NONNULL = YES;
				CLANG_ANALYZER_NUMBER_OBJECT_CONVERSION = YES_AGGRESSIVE;
				CLANG_CXX_LANGUAGE_STANDARD = "gnu++20";
				CLANG_ENABLE_MODULES = YES;
				CLANG_ENABLE_OBJC_ARC = YES;
				CLANG_ENABLE_OBJC_WEAK = YES;
				CLANG_WARN_BLOCK_CAPTURE_AUTORELEASING = YES;
				CLANG_WARN_BOOL_CONVERSION = YES;
				CLANG_WARN_COMMA = YES;
				CLANG_WARN_CONSTANT_CONVERSION = YES;
				CLANG_WARN_DEPRECATED_OBJC_IMPLEMENTATIONS = YES;
				CLANG_WARN_DIRECT_OBJC_ISA_USAGE = YES_ERROR;
				CLANG_WARN_DOCUMENTATION_COMMENTS = YES;
				CLANG_WARN_EMPTY_BODY = YES;
				CLANG_WARN_ENUM_CONVERSION = YES;
				CLANG_WARN_INFINITE_RECURSION = YES;
				CLANG_WARN_INT_CONVERSION = YES;
				CLANG_WARN_NON_LITERAL_NULL_CONVERSION = YES;
				CLANG_WARN_OBJC_IMPLICIT_RETAIN_SELF = YES;
				CLANG_WARN_OBJC_LITERAL_CONVERSION = YES;
				CLANG_WARN_OBJC_ROOT_CLASS = YES_ERROR;
				CLANG_WARN_QUOTED_INCLUDE_IN_FRAMEWORK_HEADER = YES;
				CLANG_WARN_RANGE_LOOP_ANALYSIS = YES;
				CLANG_WARN_STRICT_PROTOTYPES = YES;
				CLANG_WARN_SUSPICIOUS_MOVE = YES;
				CLANG_WARN_UNGUARDED_AVAILABILITY = YES_AGGRESSIVE;
				CLANG_WARN_UNREACHABLE_CODE = YES;
				CLANG_WARN__DUPLICATE_METHOD_MATCH = YES;
				COPY_PHASE_STRIP = NO;
				DEBUG_INFORMATION_FORMAT = dwarf;
				ENABLE_STRICT_OBJC_MSGSEND = YES;
				ENABLE_TESTABILITY = YES;
				ENABLE_USER_SCRIPT_SANDBOXING = YES;
				GCC_C_LANGUAGE_STANDARD = gnu17;
				GCC_DYNAMIC_NO_PIC = NO;
				GCC_NO_COMMON_BLOCKS = YES;
				GCC_OPTIMIZATION_LEVEL = 0;
				GCC_PREPROCESSOR_DEFINITIONS = (
					"DEBUG=1",
					"$(inherited)",
				);
				GCC_WARN_64_TO_32_BIT_CONVERSION = YES;
				GCC_WARN_ABOUT_RETURN_TYPE = YES_ERROR;
				GCC_WARN_UNDECLARED_SELECTOR = YES;
				GCC_WARN_UNINITIALIZED_AUTOS = YES_AGGRESSIVE;
				GCC_WARN_UNUSED_FUNCTION = YES;
				GCC_WARN_UNUSED_VARIABLE = YES;
				LOCALIZATION_PREFERS_STRING_CATALOGS = YES;
				MACOSX_DEPLOYMENT_TARGET = 14.3;
				MTL_ENABLE_DEBUG_INFO = INCLUDE_SOURCE;
				MTL_FAST_MATH = YES;
				ONLY_ACTIVE_ARCH = YES;
				SDKROOT = macosx;
				SWIFT_ACTIVE_COMPILATION_CONDITIONS = "DEBUG $(inherited)";
				SWIFT_OPTIMIZATION_LEVEL = "-Onone";
			};
			name = Debug;
		};
		C64921CB2BC5937B001C6C6D /* Release */ = {
			isa = XCBuildConfiguration;
			buildSettings = {
				ALWAYS_SEARCH_USER_PATHS = NO;
				ASSETCATALOG_COMPILER_GENERATE_SWIFT_ASSET_SYMBOL_EXTENSIONS = YES;
				CLANG_ANALYZER_NONNULL = YES;
				CLANG_ANALYZER_NUMBER_OBJECT_CONVERSION = YES_AGGRESSIVE;
				CLANG_CXX_LANGUAGE_STANDARD = "gnu++20";
				CLANG_ENABLE_MODULES = YES;
				CLANG_ENABLE_OBJC_ARC = YES;
				CLANG_ENABLE_OBJC_WEAK = YES;
				CLANG_WARN_BLOCK_CAPTURE_AUTORELEASING = YES;
				CLANG_WARN_BOOL_CONVERSION = YES;
				CLANG_WARN_COMMA = YES;
				CLANG_WARN_CONSTANT_CONVERSION = YES;
				CLANG_WARN_DEPRECATED_OBJC_IMPLEMENTATIONS = YES;
				CLANG_WARN_DIRECT_OBJC_ISA_USAGE = YES_ERROR;
				CLANG_WARN_DOCUMENTATION_COMMENTS = YES;
				CLANG_WARN_EMPTY_BODY = YES;
				CLANG_WARN_ENUM_CONVERSION = YES;
				CLANG_WARN_INFINITE_RECURSION = YES;
				CLANG_WARN_INT_CONVERSION = YES;
				CLANG_WARN_NON_LITERAL_NULL_CONVERSION = YES;
				CLANG_WARN_OBJC_IMPLICIT_RETAIN_SELF = YES;
				CLANG_WARN_OBJC_LITERAL_CONVERSION = YES;
				CLANG_WARN_OBJC_ROOT_CLASS = YES_ERROR;
				CLANG_WARN_QUOTED_INCLUDE_IN_FRAMEWORK_HEADER = YES;
				CLANG_WARN_RANGE_LOOP_ANALYSIS = YES;
				CLANG_WARN_STRICT_PROTOTYPES = YES;
				CLANG_WARN_SUSPICIOUS_MOVE = YES;
				CLANG_WARN_UNGUARDED_AVAILABILITY = YES_AGGRESSIVE;
				CLANG_WARN_UNREACHABLE_CODE = YES;
				CLANG_WARN__DUPLICATE_METHOD_MATCH = YES;
				COPY_PHASE_STRIP = NO;
				DEBUG_INFORMATION_FORMAT = "dwarf-with-dsym";
				ENABLE_NS_ASSERTIONS = NO;
				ENABLE_STRICT_OBJC_MSGSEND = YES;
				ENABLE_USER_SCRIPT_SANDBOXING = YES;
				GCC_C_LANGUAGE_STANDARD = gnu17;
				GCC_NO_COMMON_BLOCKS = YES;
				GCC_WARN_64_TO_32_BIT_CONVERSION = YES;
				GCC_WARN_ABOUT_RETURN_TYPE = YES_ERROR;
				GCC_WARN_UNDECLARED_SELECTOR = YES;
				GCC_WARN_UNINITIALIZED_AUTOS = YES_AGGRESSIVE;
				GCC_WARN_UNUSED_FUNCTION = YES;
				GCC_WARN_UNUSED_VARIABLE = YES;
				LOCALIZATION_PREFERS_STRING_CATALOGS = YES;
				MACOSX_DEPLOYMENT_TARGET = 14.3;
				MTL_ENABLE_DEBUG_INFO = NO;
				MTL_FAST_MATH = YES;
				SDKROOT = macosx;
				SWIFT_COMPILATION_MODE = wholemodule;
			};
			name = Release;
		};
		C64921CD2BC5937B001C6C6D /* Debug */ = {
			isa = XCBuildConfiguration;
			buildSettings = {
				ASSETCATALOG_COMPILER_APPICON_NAME = AppIcon;
				ASSETCATALOG_COMPILER_GLOBAL_ACCENT_COLOR_NAME = AccentColor;
				CODE_SIGN_ENTITLEMENTS = AISI/AISI.entitlements;
				"CODE_SIGN_IDENTITY[sdk=macosx*]" = "Apple Development";
				CODE_SIGN_STYLE = Automatic;
				COMBINE_HIDPI_IMAGES = YES;
				CURRENT_PROJECT_VERSION = 1;
				DEVELOPMENT_ASSET_PATHS = "\"AISI/Preview Content\"";
				DEVELOPMENT_TEAM = 872972XYW2;
				ENABLE_HARDENED_RUNTIME = YES;
				ENABLE_PREVIEWS = YES;
				GENERATE_INFOPLIST_FILE = YES;
				INFOPLIST_KEY_NSHumanReadableCopyright = "";
				LD_RUNPATH_SEARCH_PATHS = (
					"$(inherited)",
					"@executable_path/../Frameworks",
				);
				MARKETING_VERSION = 1.0;
				PRODUCT_BUNDLE_IDENTIFIER = com.marioban.AISI;
				PRODUCT_NAME = "$(TARGET_NAME)";
				SWIFT_EMIT_LOC_STRINGS = YES;
				SWIFT_VERSION = 5.0;
			};
			name = Debug;
		};
		C64921CE2BC5937B001C6C6D /* Release */ = {
			isa = XCBuildConfiguration;
			buildSettings = {
				ASSETCATALOG_COMPILER_APPICON_NAME = AppIcon;
				ASSETCATALOG_COMPILER_GLOBAL_ACCENT_COLOR_NAME = AccentColor;
				CODE_SIGN_ENTITLEMENTS = AISI/AISI.entitlements;
				"CODE_SIGN_IDENTITY[sdk=macosx*]" = "Apple Development";
				CODE_SIGN_STYLE = Automatic;
				COMBINE_HIDPI_IMAGES = YES;
				CURRENT_PROJECT_VERSION = 1;
				DEVELOPMENT_ASSET_PATHS = "\"AISI/Preview Content\"";
				DEVELOPMENT_TEAM = 872972XYW2;
				ENABLE_HARDENED_RUNTIME = YES;
				ENABLE_PREVIEWS = YES;
				GENERATE_INFOPLIST_FILE = YES;
				INFOPLIST_KEY_NSHumanReadableCopyright = "";
				LD_RUNPATH_SEARCH_PATHS = (
					"$(inherited)",
					"@executable_path/../Frameworks",
				);
				MARKETING_VERSION = 1.0;
				PRODUCT_BUNDLE_IDENTIFIER = com.marioban.AISI;
				PRODUCT_NAME = "$(TARGET_NAME)";
				SWIFT_EMIT_LOC_STRINGS = YES;
				SWIFT_VERSION = 5.0;
			};
			name = Release;
		};
/* End XCBuildConfiguration section */

/* Begin XCConfigurationList section */
		C64921B82BC59379001C6C6D /* Build configuration list for PBXProject "AISI" */ = {
			isa = XCConfigurationList;
			buildConfigurations = (
				C64921CA2BC5937B001C6C6D /* Debug */,
				C64921CB2BC5937B001C6C6D /* Release */,
			);
			defaultConfigurationIsVisible = 0;
			defaultConfigurationName = Release;
		};
		C64921CC2BC5937B001C6C6D /* Build configuration list for PBXNativeTarget "AISI" */ = {
			isa = XCConfigurationList;
			buildConfigurations = (
				C64921CD2BC5937B001C6C6D /* Debug */,
				C64921CE2BC5937B001C6C6D /* Release */,
			);
			defaultConfigurationIsVisible = 0;
			defaultConfigurationName = Release;
		};
/* End XCConfigurationList section */
	};
	rootObject = C64921B52BC59379001C6C6D /* Project object */;
}
